
Microsoft Visual Studio Solution File, Format Version 12.00
# Visual Studio 2013
VisualStudioVersion = 12.0.30501.0
MinimumVisualStudioVersion = 10.0.40219.1
Project("{8BC9CEB8-8B4A-11D0-8D11-00A0C91BC942}") = "LabPractice07", "LabPractice07\LabPractice07.vcxproj", "{DF2FABA8-4E53-43D2-B7D4-748F324CA114}"
EndProject
Global
	GlobalSection(SolutionConfigurationPlatforms) = preSolution
		Debug|Win32 = Debug|Win32
		Release|Win32 = Release|Win32
	EndGlobalSection
	GlobalSection(ProjectConfigurationPlatforms) = postSolution
		{DF2FABA8-4E53-43D2-B7D4-748F324CA114}.Debug|Win32.ActiveCfg = Debug|Win32
		{DF2FABA8-4E53-43D2-B7D4-748F324CA114}.Debug|Win32.Build.0 = Debug|Win32
		{DF2FABA8-4E53-43D2-B7D4-748F324CA114}.Release|Win32.ActiveCfg = Release|Win32
		{DF2FABA8-4E53-43D2-B7D4-748F324CA114}.Release|Win32.Build.0 = Release|Win32
	EndGlobalSection
	GlobalSection(SolutionProperties) = preSolution
		HideSolutionNode = FALSE
	EndGlobalSection
EndGlobal
